{
  "name": "rollup_simple",
  "version": "1.0.0",
  "lockfileVersion": 1,
  "requires": true,
  "dependencies": {
    "@types/estree": {
      "version": "0.0.39",
      "resolved": "https://registry.npmjs.org/@types/estree/-/estree-0.0.39.tgz",
      "integrity": "sha512-EYNwp3bU+98cpU4lAWYYL7Zz+2gryWH1qbdDTidVd6hkiR6weksdbMadyXKXNPEkQFhXM+hVO9ZygomHXp+AIw=="
    },
    "@types/node": {
      "version": "12.7.11",
      "resolved": "https://registry.npmjs.org/@types/node/-/node-12.7.11.tgz",
      "integrity": "sha512-Otxmr2rrZLKRYIybtdG/sgeO+tHY20GxeDjcGmUnmmlCWyEnv2a2x1ZXBo3BTec4OiTXMQCiazB8NMBf0iRlFw=="
    },
    "@types/resolve": {
      "version": "0.0.8",
      "resolved": "https://registry.npmjs.org/@types/resolve/-/resolve-0.0.8.tgz",
      "integrity": "sha512-auApPaJf3NPfe18hSoJkp8EbZzer2ISk7o8mCC3M9he/a04+gbMF97NkpD2S8riMGvm4BMRI59/SZQSaLTKpsQ==",
      "requires": {
        "@types/node": "*"
      }
    },
    "acorn": {
      "version": "7.1.0",
      "resolved": "https://registry.npmjs.org/acorn/-/acorn-7.1.0.tgz",
      "integrity": "sha512-kL5CuoXA/dgxlBbVrflsflzQ3PAas7RYZB52NOm/6839iVYJgKMJ3cQJD+t2i5+qFa8h3MDpEOJiS64E8JLnSQ=="
    },
    "balanced-match": {
      "version": "1.0.0",
      "resolved": "https://registry.npmjs.org/balanced-match/-/balanced-match-1.0.0.tgz",
      "integrity": "sha1-ibTRmasr7kneFk6gK4nORi1xt2c="
    },
    "brace-expansion": {
      "version": "1.1.11",
      "resolved": "https://registry.npmjs.org/brace-expansion/-/brace-expansion-1.1.11.tgz",
      "integrity": "sha512-iCuPHDFgrHX7H2vEI/5xpz07zSHB00TpugqhmYtVmMO6518mCuRMoOYFldEBl0g187ufozdaHgWKcYFb61qGiA==",
      "requires": {
        "balanced-match": "^1.0.0",
        "concat-map": "0.0.1"
      }
    },
    "buffer-es6": {
      "version": "4.9.3",
      "resolved": "https://registry.npmjs.org/buffer-es6/-/buffer-es6-4.9.3.tgz",
      "integrity": "sha1-8mNHuC33b9N+GLy1KIxJcM/VxAQ="
    },
    "builtin-modules": {
      "version": "3.1.0",
      "resolved": "https://registry.npmjs.org/builtin-modules/-/builtin-modules-3.1.0.tgz",
      "integrity": "sha512-k0KL0aWZuBt2lrxrcASWDfwOLMnodeQjodT/1SxEQAXsHANgo6ZC/VEaSEHCXt7aSTZ4/4H5LKa+tBXmW7Vtvw=="
    },
    "concat-map": {
      "version": "0.0.1",
      "resolved": "https://registry.npmjs.org/concat-map/-/concat-map-0.0.1.tgz",
      "integrity": "sha1-2Klr13/Wjfd5OnMDajug1UBdR3s="
    },
    "crunch": {
      "version": "file:../../crunch"
    },
    "estree-walker": {
      "version": "0.6.1",
      "resolved": "https://registry.npmjs.org/estree-walker/-/estree-walker-0.6.1.tgz",
      "integrity": "sha512-SqmZANLWS0mnatqbSfRP5g8OXZC12Fgg1IwNtLsyHDzJizORW4khDfjPqJZsemPWBB2uqykUah5YpQ6epsqC/w=="
    },
    "fs.realpath": {
      "version": "1.0.0",
      "resolved": "https://registry.npmjs.org/fs.realpath/-/fs.realpath-1.0.0.tgz",
      "integrity": "sha1-FQStJSMVjKpA20onh8sBQRmU6k8="
    },
    "glob": {
      "version": "7.1.4",
      "resolved": "https://registry.npmjs.org/glob/-/glob-7.1.4.tgz",
      "integrity": "sha512-hkLPepehmnKk41pUGm3sYxoFs/umurYfYJCerbXEyFIWcAzvpipAgVkBqqT9RBKMGjnq6kMuyYwha6csxbiM1A==",
      "requires": {
        "fs.realpath": "^1.0.0",
        "inflight": "^1.0.4",
        "inherits": "2",
        "minimatch": "^3.0.4",
        "once": "^1.3.0",
        "path-is-absolute": "^1.0.0"
      }
    },
    "inflight": {
      "version": "1.0.6",
      "resolved": "https://registry.npmjs.org/inflight/-/inflight-1.0.6.tgz",
      "integrity": "sha1-Sb1jMdfQLQwJvJEKEHW6gWW1bfk=",
      "requires": {
        "once": "^1.3.0",
        "wrappy": "1"
      }
    },
    "inherits": {
      "version": "2.0.4",
      "resolved": "https://registry.npmjs.org/inherits/-/inherits-2.0.4.tgz",
      "integrity": "sha512-k/vGaX4/Yla3WzyMCvTQOXYeIHvqOKtnqBduzTHpzpQZzAskKMhZ2K+EnBiSM9zGSoIFeMpXKxa4dYeZIQqewQ=="
    },
    "is-module": {
      "version": "1.0.0",
      "resolved": "https://registry.npmjs.org/is-module/-/is-module-1.0.0.tgz",
      "integrity": "sha1-Mlj7afeMFNW4FdZkM2tM/7ZEFZE="
    },
    "is-reference": {
      "version": "1.1.4",
      "resolved": "https://registry.npmjs.org/is-reference/-/is-reference-1.1.4.tgz",
      "integrity": "sha512-uJA/CDPO3Tao3GTrxYn6AwkM4nUPJiGGYu5+cB8qbC7WGFlrKZbiRo7SFKxUAEpFUfiHofWCXBUNhvYJMh+6zw==",
      "requires": {
        "@types/estree": "0.0.39"
      }
    },
    "magic-string": {
      "version": "0.25.4",
      "resolved": "https://registry.npmjs.org/magic-string/-/magic-string-0.25.4.tgz",
      "integrity": "sha512-oycWO9nEVAP2RVPbIoDoA4Y7LFIJ3xRYov93gAyJhZkET1tNuB0u7uWkZS2LpBWTJUWnmau/To8ECWRC+jKNfw==",
      "requires": {
        "sourcemap-codec": "^1.4.4"
      }
    },
    "minimatch": {
      "version": "3.0.4",
      "resolved": "https://registry.npmjs.org/minimatch/-/minimatch-3.0.4.tgz",
      "integrity": "sha512-yJHVQEhyqPLUTgt9B83PXu6W3rx4MvvHvSUvToogpwoGDOUQ+yDrR0HRot+yOCdCO7u4hX3pWft6kWBBcqh0UA==",
      "requires": {
        "brace-expansion": "^1.1.7"
      }
    },
    "once": {
      "version": "1.4.0",
      "resolved": "https://registry.npmjs.org/once/-/once-1.4.0.tgz",
      "integrity": "sha1-WDsap3WWHUsROsF9nFC6753Xa9E=",
      "requires": {
        "wrappy": "1"
      }
    },
    "ospec": {
      "version": "4.0.1",
      "resolved": "https://registry.npmjs.org/ospec/-/ospec-4.0.1.tgz",
      "integrity": "sha512-iHx5jkuXh/hU4eEFFf6FH/4vj5RH7041jhuJw7WnqIPHDJgEXkSBdmuD644I/qQm8s5aZEPOpSoVagGCr8ebag==",
      "requires": {
        "glob": "^7.1.3"
      }
    },
    "path-is-absolute": {
      "version": "1.0.1",
      "resolved": "https://registry.npmjs.org/path-is-absolute/-/path-is-absolute-1.0.1.tgz",
      "integrity": "sha1-F0uSaHNVNP+8es5r9TpanhtcX18="
    },
    "path-parse": {
      "version": "1.0.7",
      "resolved": "https://registry.npmjs.org/path-parse/-/path-parse-1.0.7.tgz",
      "integrity": "sha512-LDJzPVEEEPR+y48z93A0Ed0yXb8pAByGWo/k5YYdYgpY2/2EsOsksJrq7lOHxryrVOn1ejG6oAp8ahvOIQD8sw=="
    },
    "process-es6": {
      "version": "0.11.6",
      "resolved": "https://registry.npmjs.org/process-es6/-/process-es6-0.11.6.tgz",
      "integrity": "sha1-xrs4n5qVH4K9TrFpYAEFvS/5x3g="
    },
    "resolve": {
      "version": "1.12.0",
      "resolved": "https://registry.npmjs.org/resolve/-/resolve-1.12.0.tgz",
      "integrity": "sha512-B/dOmuoAik5bKcD6s6nXDCjzUKnaDvdkRyAk6rsmsKLipWj4797iothd7jmmUhWTfinVMU+wc56rYKsit2Qy4w==",
      "requires": {
        "path-parse": "^1.0.6"
      }
    },
    "rollup": {
      "version": "1.23.0",
      "resolved": "https://registry.npmjs.org/rollup/-/rollup-1.23.0.tgz",
      "integrity": "sha512-/p72Z3NbHWV+Vi1p2X+BmPA3WqlZxpUqCy6E8U4crMohZnI+j9Ob8ZAfFyNfddT0LxgnJM0olO4mg+noH4SFbg==",
      "requires": {
        "@types/estree": "*",
        "@types/node": "^12.7.10",
        "acorn": "^7.1.0"
      }
    },
    "rollup-plugin-commonjs": {
      "version": "10.1.0",
      "resolved": "https://registry.npmjs.org/rollup-plugin-commonjs/-/rollup-plugin-commonjs-10.1.0.tgz",
      "integrity": "sha512-jlXbjZSQg8EIeAAvepNwhJj++qJWNJw1Cl0YnOqKtP5Djx+fFGkp3WRh+W0ASCaFG5w1jhmzDxgu3SJuVxPF4Q==",
      "requires": {
        "estree-walker": "^0.6.1",
        "is-reference": "^1.1.2",
        "magic-string": "^0.25.2",
        "resolve": "^1.11.0",
        "rollup-pluginutils": "^2.8.1"
      }
    },
    "rollup-plugin-node-globals": {
      "version": "1.4.0",
      "resolved": "https://registry.npmjs.org/rollup-plugin-node-globals/-/rollup-plugin-node-globals-1.4.0.tgz",
      "integrity": "sha512-xRkB+W/m1KLIzPUmG0ofvR+CPNcvuCuNdjVBVS7ALKSxr3EDhnzNceGkGi1m8MToSli13AzKFYH4ie9w3I5L3g==",
      "requires": {
        "acorn": "^5.7.3",
        "buffer-es6": "^4.9.3",
        "estree-walker": "^0.5.2",
        "magic-string": "^0.22.5",
        "process-es6": "^0.11.6",
        "rollup-pluginutils": "^2.3.1"
      },
      "dependencies": {
        "acorn": {
          "version": "5.7.3",
          "resolved": "https://registry.npmjs.org/acorn/-/acorn-5.7.3.tgz",
          "integrity": "sha512-T/zvzYRfbVojPWahDsE5evJdHb3oJoQfFbsrKM7w5Zcs++Tr257tia3BmMP8XYVjp1S9RZXQMh7gao96BlqZOw=="
        },
        "estree-walker": {
          "version": "0.5.2",
          "resolved": "https://registry.npmjs.org/estree-walker/-/estree-walker-0.5.2.tgz",
          "integrity": "sha512-XpCnW/AE10ws/kDAs37cngSkvgIR8aN3G0MS85m7dUpuK2EREo9VJ00uvw6Dg/hXEpfsE1I1TvJOJr+Z+TL+ig=="
        },
        "magic-string": {
          "version": "0.22.5",
          "resolved": "https://registry.npmjs.org/magic-string/-/magic-string-0.22.5.tgz",
          "integrity": "sha512-oreip9rJZkzvA8Qzk9HFs8fZGF/u7H/gtrE8EN6RjKJ9kh2HlC+yQ2QezifqTZfGyiuAV0dRv5a+y/8gBb1m9w==",
          "requires": {
            "vlq": "^0.2.2"
          }
        }
      }
    },
    "rollup-plugin-node-resolve": {
      "version": "5.2.0",
      "resolved": "https://registry.npmjs.org/rollup-plugin-node-resolve/-/rollup-plugin-node-resolve-5.2.0.tgz",
      "integrity": "sha512-jUlyaDXts7TW2CqQ4GaO5VJ4PwwaV8VUGA7+km3n6k6xtOEacf61u0VXwN80phY/evMcaS+9eIeJ9MOyDxt5Zw==",
      "requires": {
        "@types/resolve": "0.0.8",
        "builtin-modules": "^3.1.0",
        "is-module": "^1.0.0",
        "resolve": "^1.11.1",
        "rollup-pluginutils": "^2.8.1"
      }
    },
    "rollup-pluginutils": {
      "version": "2.8.2",
      "resolved": "https://registry.npmjs.org/rollup-pluginutils/-/rollup-pluginutils-2.8.2.tgz",
      "integrity": "sha512-EEp9NhnUkwY8aif6bxgovPHMoMoNr2FulJziTndpt5H9RdwC47GSGuII9XxpSdzVGM0GWrNPHV6ie1LTNJPaLQ==",
      "requires": {
        "estree-walker": "^0.6.1"
      }
    },
    "sourcemap-codec": {
      "version": "1.4.6",
      "resolved": "https://registry.npmjs.org/sourcemap-codec/-/sourcemap-codec-1.4.6.tgz",
      "integrity": "sha512-1ZooVLYFxC448piVLBbtOxFcXwnymH9oUF8nRd3CuYDVvkRBxRl6pB4Mtas5a4drtL+E8LDgFkQNcgIw6tc8Hg=="
    },
    "vlq": {
      "version": "0.2.3",
      "resolved": "https://registry.npmjs.org/vlq/-/vlq-0.2.3.tgz",
      "integrity": "sha512-DRibZL6DsNhIgYQ+wNdWDL2SL3bKPlVrRiBqV5yuMm++op8W4kGFtaQfCs4KEJn0wBZcHVHJ3eoywX8983k1ow=="
    },
    "wrappy": {
      "version": "1.0.2",
      "resolved": "https://registry.npmjs.org/wrappy/-/wrappy-1.0.2.tgz",
      "integrity": "sha1-tSQ9jz7BqjXxNkYFvA0QNuMKtp8="
    }
  }
}
